
Microsoft Visual Studio Solution File, Format Version 12.00
# Visual Studio 2012
Project("{FAE04EC0-301F-11D3-BF4B-00C04F79EFBC}") = "CodeJewels.Models", "CodeJewels.Models\CodeJewels.Models.csproj", "{35885FAD-B997-4229-9ECD-3ED8B18DAD6E}"
EndProject
Project("{FAE04EC0-301F-11D3-BF4B-00C04F79EFBC}") = "CodeJewels.Data", "CodeJewels.Data\CodeJewels.Data.csproj", "{3722BC22-2BE9-48E6-BF6D-B3000FA55E4B}"
EndProject
Project("{FAE04EC0-301F-11D3-BF4B-00C04F79EFBC}") = "CodeJewels.Service", "CodeJewels.Service\CodeJewels.Service.csproj", "{EB87D19E-3B72-4388-BAA7-CE2FFFBE8C26}"
EndProject
Global
	GlobalSection(SolutionConfigurationPlatforms) = preSolution
		Debug|Any CPU = Debug|Any CPU
		Release|Any CPU = Release|Any CPU
	EndGlobalSection
	GlobalSection(ProjectConfigurationPlatforms) = postSolution
		{35885FAD-B997-4229-9ECD-3ED8B18DAD6E}.Debug|Any CPU.ActiveCfg = Debug|Any CPU
		{35885FAD-B997-4229-9ECD-3ED8B18DAD6E}.Debug|Any CPU.Build.0 = Debug|Any CPU
		{35885FAD-B997-4229-9ECD-3ED8B18DAD6E}.Release|Any CPU.ActiveCfg = Release|Any CPU
		{35885FAD-B997-4229-9ECD-3ED8B18DAD6E}.Release|Any CPU.Build.0 = Release|Any CPU
		{3722BC22-2BE9-48E6-BF6D-B3000FA55E4B}.Debug|Any CPU.ActiveCfg = Debug|Any CPU
		{3722BC22-2BE9-48E6-BF6D-B3000FA55E4B}.Debug|Any CPU.Build.0 = Debug|Any CPU
		{3722BC22-2BE9-48E6-BF6D-B3000FA55E4B}.Release|Any CPU.ActiveCfg = Release|Any CPU
		{3722BC22-2BE9-48E6-BF6D-B3000FA55E4B}.Release|Any CPU.Build.0 = Release|Any CPU
		{EB87D19E-3B72-4388-BAA7-CE2FFFBE8C26}.Debug|Any CPU.ActiveCfg = Debug|Any CPU
		{EB87D19E-3B72-4388-BAA7-CE2FFFBE8C26}.Debug|Any CPU.Build.0 = Debug|Any CPU
		{EB87D19E-3B72-4388-BAA7-CE2FFFBE8C26}.Release|Any CPU.ActiveCfg = Release|Any CPU
		{EB87D19E-3B72-4388-BAA7-CE2FFFBE8C26}.Release|Any CPU.Build.0 = Release|Any CPU
	EndGlobalSection
	GlobalSection(SolutionProperties) = preSolution
		HideSolutionNode = FALSE
	EndGlobalSection
EndGlobal
